
Microsoft Visual Studio Solution File, Format Version 12.00
# Visual Studio Version 17
VisualStudioVersion = 17.5.002.0
MinimumVisualStudioVersion = 10.0.40219.1
Project("{9A19103F-16F7-4668-BE54-9A1E7A4F7556}") = "PortfolioOptimization", "PortfolioOptimization.csproj", "{0E4AB8F2-6A8D-4BF7-B9A4-255E5236B22D}"
EndProject
Global
	GlobalSection(SolutionConfigurationPlatforms) = preSolution
		Debug|Any CPU = Debug|Any CPU
		Release|Any CPU = Release|Any CPU
	EndGlobalSection
	GlobalSection(ProjectConfigurationPlatforms) = postSolution
		{0E4AB8F2-6A8D-4BF7-B9A4-255E5236B22D}.Debug|Any CPU.ActiveCfg = Debug|Any CPU
		{0E4AB8F2-6A8D-4BF7-B9A4-255E5236B22D}.Debug|Any CPU.Build.0 = Debug|Any CPU
		{0E4AB8F2-6A8D-4BF7-B9A4-255E5236B22D}.Release|Any CPU.ActiveCfg = Release|Any CPU
		{0E4AB8F2-6A8D-4BF7-B9A4-255E5236B22D}.Release|Any CPU.Build.0 = Release|Any CPU
	EndGlobalSection
	GlobalSection(SolutionProperties) = preSolution
		HideSolutionNode = FALSE
	EndGlobalSection
	GlobalSection(ExtensibilityGlobals) = postSolution
		SolutionGuid = {51284882-DA11-40C1-BC01-DDCAD0912A4F}
	EndGlobalSection
EndGlobal
